
Microsoft Visual Studio Solution File, Format Version 12.00
# Visual Studio Version 17
VisualStudioVersion = 17.7.34031.279
MinimumVisualStudioVersion = 10.0.40219.1
Project("{9A19103F-16F7-4668-BE54-9A1E7A4F7556}") = "MossPlatform", "MossPlatform.csproj", "{036205B9-F57E-4698-A187-F4A988D1E3CD}"
EndProject
Project("{FAE04EC0-301F-11D3-BF4B-00C04F79EFBC}") = "MossPlatform.Tests", "..\MossPlatform.Tests\MossPlatform.Tests.csproj", "{3699EF6E-9A6B-4DF4-B3FA-A85DCFB40C36}"
EndProject
Global
	GlobalSection(SolutionConfigurationPlatforms) = preSolution
		Debug|Any CPU = Debug|Any CPU
		Release|Any CPU = Release|Any CPU
	EndGlobalSection
	GlobalSection(ProjectConfigurationPlatforms) = postSolution
		{036205B9-F57E-4698-A187-F4A988D1E3CD}.Debug|Any CPU.ActiveCfg = Debug|Any CPU
		{036205B9-F57E-4698-A187-F4A988D1E3CD}.Debug|Any CPU.Build.0 = Debug|Any CPU
		{036205B9-F57E-4698-A187-F4A988D1E3CD}.Release|Any CPU.ActiveCfg = Release|Any CPU
		{036205B9-F57E-4698-A187-F4A988D1E3CD}.Release|Any CPU.Build.0 = Release|Any CPU
		{3699EF6E-9A6B-4DF4-B3FA-A85DCFB40C36}.Debug|Any CPU.ActiveCfg = Debug|Any CPU
		{3699EF6E-9A6B-4DF4-B3FA-A85DCFB40C36}.Debug|Any CPU.Build.0 = Debug|Any CPU
		{3699EF6E-9A6B-4DF4-B3FA-A85DCFB40C36}.Release|Any CPU.ActiveCfg = Release|Any CPU
		{3699EF6E-9A6B-4DF4-B3FA-A85DCFB40C36}.Release|Any CPU.Build.0 = Release|Any CPU
	EndGlobalSection
	GlobalSection(SolutionProperties) = preSolution
		HideSolutionNode = FALSE
	EndGlobalSection
	GlobalSection(ExtensibilityGlobals) = postSolution
		SolutionGuid = {51F757FF-DDBC-4DA6-9B8A-51B6821B82DF}
	EndGlobalSection
EndGlobal
